
Microsoft Visual Studio Solution File, Format Version 12.00
# Visual Studio Version 17
VisualStudioVersion = 17.14.37027.9 d17.14
MinimumVisualStudioVersion = 10.0.40219.1
Project("{FAE04EC0-301F-11D3-BF4B-00C04F79EFBC}") = "ClgEventBackendApi", "ClgEventBackendApi\ClgEventBackendApi.csproj", "{40AC2AEC-A6DE-47F2-A4D6-851CC0B2F67A}"
EndProject
Global
	GlobalSection(SolutionConfigurationPlatforms) = preSolution
		Debug|Any CPU = Debug|Any CPU
		Release|Any CPU = Release|Any CPU
	EndGlobalSection
	GlobalSection(ProjectConfigurationPlatforms) = postSolution
		{40AC2AEC-A6DE-47F2-A4D6-851CC0B2F67A}.Debug|Any CPU.ActiveCfg = Debug|Any CPU
		{40AC2AEC-A6DE-47F2-A4D6-851CC0B2F67A}.Debug|Any CPU.Build.0 = Debug|Any CPU
		{40AC2AEC-A6DE-47F2-A4D6-851CC0B2F67A}.Release|Any CPU.ActiveCfg = Release|Any CPU
		{40AC2AEC-A6DE-47F2-A4D6-851CC0B2F67A}.Release|Any CPU.Build.0 = Release|Any CPU
	EndGlobalSection
	GlobalSection(SolutionProperties) = preSolution
		HideSolutionNode = FALSE
	EndGlobalSection
	GlobalSection(ExtensibilityGlobals) = postSolution
		SolutionGuid = {CE72EB78-644F-4C1D-A5C2-DEF70F15FDC2}
	EndGlobalSection
EndGlobal
